absl-py==2.4.0
ackermann-msgs==2.0.2
action-msgs==2.0.3
actuator-msgs==0.0.1
addict==2.4.0
aenum==3.1.17
ament-clang-format==0.17.3
ament-clang-tidy==0.17.3
ament-cmake-google-benchmark==2.5.4
ament-cmake-test==2.5.4
ament-copyright==0.17.3
ament-cppcheck==0.17.3
ament-cpplint==0.17.3
ament-flake8==0.17.3
ament-index-python==1.8.1
ament-lint==0.17.3
ament-package==0.16.4
ament-pep257==0.17.3
ament-uncrustify==0.17.3
angles==1.16.0
annotated-doc==0.0.4
annotated-types==0.7.0
anyio==4.13.0
asttokens==3.0.1
attrs==26.1.0
blinker==1.9.0
boto3==1.43.6
botocore==1.43.6
builtin-interfaces==2.0.3
certifi==2026.4.22
cffi==1.17.1
charset-normalizer==3.4.7
clarabel==0.11.1
click==8.3.3
cloudpickle==3.1.2
colorlog==6.10.1
comm==0.2.3
composition-interfaces==2.0.3
ConfigArgParse==1.7.5
contourpy==1.3.2
control-msgs==5.5.0
controller-manager==4.35.0
controller-manager-msgs==4.35.0
cryptography==46.0.0
cuda-bindings==13.2.0
cuda-pathfinder==1.5.4
cuda-toolkit==13.0.2
cvxpy==1.6.7
cycler==0.12.1
dash==4.1.0
decorator==5.2.1
diagnostic-msgs==5.3.6
diagnostic-updater==4.2.6
diffusers==0.37.1
domain-coordinator==0.12.0
egl_probe==1.0.2
einops==0.8.2
embreex==4.4.0
example-interfaces==0.12.0
exceptiongroup==1.3.1
executing==2.2.1
Farama-Notifications==0.0.6
fastjsonschema==2.21.2
filelock==3.29.0
Flask==3.1.3
fonttools==4.62.1
fpsample==1.0.2
fsspec==2026.4.0
future==1.0.0
generate-parameter-library-py==0.5.0
geometry-msgs==5.3.6
gitdb==4.0.12
GitPython==3.1.49
gps-msgs==2.1.1
graph-msgs==0.2.0
graphviz==0.21
grpcio==1.80.0
gym==0.26.2
gym-notices==0.1.0
gymnasium==1.3.0
h11==0.16.0
h5py==3.16.0
hf-xet==1.4.3
httpcore==1.0.9
httpx==0.28.1
huggingface_hub==1.12.2
idna==3.13
ImageIO==2.37.3
imageio-ffmpeg==0.6.0
importlib_metadata==9.0.0
importlib_resources==7.1.0
iniconfig==2.3.0
ipython==8.39.0
ipywidgets==8.1.8
isaacsim @ file:///tmp/isaac_wheels/isaacsim-4.5.0.0-cp310-none-manylinux_2_34_x86_64.whl#sha256=29ac8907cf85d5935594132b7a2b2f812e3ea2ac85988bd2e0cc06933ce07081
isaacsim-app @ file:///tmp/isaac_wheels/isaacsim_app-4.5.0.0-cp310-none-manylinux_2_34_x86_64.whl#sha256=9e2c89e9d058e3faa2de7d9d129c8bbea4c9f92e818f50ff771ec5c70d077bc2
isaacsim-asset @ file:///tmp/isaac_wheels/isaacsim_asset-4.5.0.0-cp310-none-manylinux_2_34_x86_64.whl#sha256=59d1249754f8cf94bc6d939622c7f0ee0e86d2bd91b0621ad3a0afa266479134
isaacsim-benchmark @ file:///tmp/isaac_wheels/isaacsim_benchmark-4.5.0.0-cp310-none-manylinux_2_34_x86_64.whl#sha256=c69067ce4c40076526fbba68f5bfb16f808c1c2ea1fbc79b4de4d38a36ff3dcb
isaacsim-code-editor @ file:///tmp/isaac_wheels/isaacsim_code_editor-4.5.0.0-cp310-none-manylinux_2_34_x86_64.whl#sha256=eaf9a469023d743cf66aeec92447e765ffa5089a76669c314e7ea696d11ce784
isaacsim-core @ file:///tmp/isaac_wheels/isaacsim_core-4.5.0.0-cp310-none-manylinux_2_34_x86_64.whl#sha256=8b09f580b892ee3c6768e019c4070c9785e82930f6becfee2eec36dfd208541e
isaacsim-cortex @ file:///tmp/isaac_wheels/isaacsim_cortex-4.5.0.0-cp310-none-manylinux_2_34_x86_64.whl#sha256=6d05328a1a81f994a8ddc389d8fbf6bbe30e9e25cedf17eb22f6b93b60b03638
isaacsim-example @ file:///tmp/isaac_wheels/isaacsim_example-4.5.0.0-cp310-none-manylinux_2_34_x86_64.whl#sha256=f5291734195b2157b481cf811766136bb97a9f2bac9a8b35be989f440eda9df9
isaacsim-extscache-kit @ file:///tmp/isaac_wheels/isaacsim_extscache_kit-4.5.0.0-cp310-none-manylinux_2_34_x86_64.whl#sha256=03a5d4d1a9122876ee0f84fdff87b1464cfbd7cc17669dd3f5fa2e352bc11207
isaacsim-extscache-kit-sdk @ file:///tmp/isaac_wheels/isaacsim_extscache_kit_sdk-4.5.0.0-cp310-none-manylinux_2_34_x86_64.whl#sha256=060a574c11f36527f7be14761544ed40cc18b0a2da46f48635517cd3e8f278c3
isaacsim-extscache-physics @ file:///tmp/isaac_wheels/isaacsim_extscache_physics-4.5.0.0-cp310-none-manylinux_2_34_x86_64.whl#sha256=23cac12f28b5876aa4f351596818b0f909d3cf50cf10ad6f914eea7feb34aeeb
isaacsim-gui @ file:///tmp/isaac_wheels/isaacsim_gui-4.5.0.0-cp310-none-manylinux_2_34_x86_64.whl#sha256=c859ab7b1075b922d05c054dcf2dc53a01400252b61814638923b45d0d693784
isaacsim-kernel @ file:///tmp/isaac_wheels/isaacsim_kernel-4.5.0.0-cp310-none-manylinux_2_34_x86_64.whl#sha256=f1966f4ad9e3e73ac10211994eeefb43559481cb2211769b133c984808286742
isaacsim-replicator @ file:///tmp/isaac_wheels/isaacsim_replicator-4.5.0.0-cp310-none-manylinux_2_34_x86_64.whl#sha256=44e3f74cffbb8351ebbc88d731bad9802984a69ab4a025aa308307de99abfb34
isaacsim-rl @ file:///tmp/isaac_wheels/isaacsim_rl-4.5.0.0-cp310-none-manylinux_2_34_x86_64.whl#sha256=5ab5e710f69a3ac60a4b481b1d78c0193768db9e0bf5d771188e0ae94cd0b893
isaacsim-robot @ file:///tmp/isaac_wheels/isaacsim_robot-4.5.0.0-cp310-none-manylinux_2_34_x86_64.whl#sha256=53f029ee683d9bf0b4306a333ba4bbceec4bcc838f19821e0908d06d9697af43
isaacsim-robot-motion @ file:///tmp/isaac_wheels/isaacsim_robot_motion-4.5.0.0-cp310-none-manylinux_2_34_x86_64.whl#sha256=b68c2037f7a24e815b22543c0390684d62a2071dcf3e5db80f6045a21fafa554
isaacsim-robot-setup @ file:///tmp/isaac_wheels/isaacsim_robot_setup-4.5.0.0-cp310-none-manylinux_2_34_x86_64.whl#sha256=aa6cf98ae893893910e2b20d8986fb176fbe9a9c6a565998d1872f5caff2e8eb
isaacsim-ros1 @ file:///tmp/isaac_wheels/isaacsim_ros1-4.5.0.0-cp310-none-manylinux_2_34_x86_64.whl#sha256=20fc79a06a4875346a6d5cecbec853c777f20ac433b16b33ca74bc018ecc0945
isaacsim-ros2 @ file:///tmp/isaac_wheels/isaacsim_ros2-4.5.0.0-cp310-none-manylinux_2_34_x86_64.whl#sha256=46cb951f807d7635359a708dadc54557f01ed11733327a7b7dd36beb4e13c136
isaacsim-sensor @ file:///tmp/isaac_wheels/isaacsim_sensor-4.5.0.0-cp310-none-manylinux_2_34_x86_64.whl#sha256=43022a94857e8ccaec0a731449bcaf5e690eaaea6bf670386eb3f3ccbcd1810d
isaacsim-storage @ file:///tmp/isaac_wheels/isaacsim_storage-4.5.0.0-cp310-none-manylinux_2_34_x86_64.whl#sha256=eeb6d039c3a9ce8ab0232d842835187338f0eea0b39d448a1e2102fd91a05148
isaacsim-template @ file:///tmp/isaac_wheels/isaacsim_template-4.5.0.0-cp310-none-manylinux_2_34_x86_64.whl#sha256=fc11393a282f802c5b0fae6fd406cd710f0025bdae2509f3036566b881efbc29
isaacsim-test @ file:///tmp/isaac_wheels/isaacsim_test-4.5.0.0-cp310-none-manylinux_2_34_x86_64.whl#sha256=0bdbb23206ef2ba19b7e5101cc2435a25d1f8be7edd3ec2f5d882773fdcf6b0c
isaacsim-utils @ file:///tmp/isaac_wheels/isaacsim_utils-4.5.0.0-cp310-none-manylinux_2_34_x86_64.whl#sha256=b0d8ca62ba938d08ecebfae9b994234587b7f8e678af20a5d625977fff46fbe7
itsdangerous==2.2.0
jedi==0.19.2
Jinja2==3.1.6
jmespath==1.1.0
joblib==1.5.3
joint-state-publisher==2.4.0
jsonschema==4.26.0
jsonschema-specifications==2025.9.1
jupyter_core==5.9.1
jupyterlab_widgets==3.0.16
jupytext==1.19.1
kiwisolver==1.5.0
launch==3.4.6
launch-param-builder==0.1.1
launch-pytest==3.4.6
launch-ros==0.26.8
launch-testing==3.4.6
launch-testing-ros==0.26.8
launch-xml==3.4.6
launch-yaml==3.4.6
lazy-loader==0.5
lifecycle-msgs==2.0.3
llvmlite==0.47.0
lxml==6.1.0
manifold3d==3.4.1
mapbox_earcut==2.0.0
Markdown==3.10.2
markdown-it-py==4.0.0
MarkupSafe==3.0.3
matplotlib==3.10.9
matplotlib-inline==0.2.1
mdit-py-plugins==0.5.0
mdurl==0.1.2
message-filters==4.11.7
moveit==0.1.3
moveit-configs-utils==2.12.3
moveit-msgs==2.7.1
moveit-task-constructor-msgs==0.1.3
mpmath==1.3.0
narwhals==2.20.0
nav-msgs==5.3.6
nbformat==5.10.4
nest-asyncio==1.6.0
networkx==3.4.2
ninja==1.13.0
nltk==3.9.4
numba==0.65.1
numpy==1.26.4
numpy-quaternion==2024.0.13
nvidia-cublas==13.1.0.3
nvidia-cuda-cupti==13.0.85
nvidia-cuda-nvrtc==13.0.88
nvidia-cuda-runtime==13.0.96
nvidia-cudnn-cu13==9.19.0.56
nvidia-cufft==12.0.0.61
nvidia-cufile==1.15.1.6
nvidia-curand==10.4.0.35
nvidia-cusolver==12.0.4.66
nvidia-cusparse==12.6.3.3
nvidia-cusparselt-cu13==0.8.0
nvidia-nccl-cu13==2.28.9
nvidia-nvjitlink==13.0.88
nvidia-nvshmem-cu13==3.4.5
nvidia-nvtx==13.0.85
nvidia_curobo @ git+https://github.com/StanfordVL/curobo@d083916436f1f749cdd351bdf96c4c5df4e6d192
object-recognition-msgs==2.0.0
octomap-msgs==2.0.1
omniverse-kit @ file:///tmp/isaac_wheels/omniverse_kit-106.5.0.162521-cp310-none-manylinux_2_34_x86_64.whl#sha256=c320dfb1dba2c660102e95fb48af9c3617933e5916d184d84f71917ca6bad7f1
open3d==0.19.0
opencv-python==4.11.0.86
osqp==0.6.7.post3
osrf-pycommon==2.1.7
packaging @ file:///home/conda/feedstock_root/build_artifacts/bld/rattler-build_packaging_1777103621/work
pal-statistics==2.6.4
pal-statistics-msgs==2.6.4
pandas==2.3.3
parso==0.8.6
pexpect==4.9.0
pillow==11.0.0
platformdirs==4.9.6
plotly==6.7.0
pluggy==1.6.0
progressbar==2.5
prompt_toolkit==3.0.52
protobuf==7.34.1
psutil==7.2.2
ptyprocess==0.7.0
pure_eval==0.2.3
py-spy==0.4.2
pybind11==3.0.4
pycollada==0.9.3
pycparser==3.0
pydantic==2.13.3
pydantic_core==2.46.3
Pygments==2.20.0
pymeshlab==2022.2.post4
pyparsing==3.3.2
pyperclip==1.11.0
pyquaternion==0.9.9
pytest==9.0.3
python-dateutil==2.9.0.post0
pytz==2026.1.post1
PyYAML==6.0.3
qdldl==0.1.9.post1
rcl-interfaces==2.0.3
rclpy==7.1.5
rcutils==6.7.3
referencing==0.37.0
regex==2026.4.4
requests==2.33.1
retrying==1.4.2
rich==15.0.0
rmw-dds-common==3.1.0
ros-gz-bridge==1.0.16
ros-gz-interfaces==1.0.16
ros2cli==0.32.5
ros2controlcli==4.35.0
ros2node==0.32.5
ros2param==0.32.5
ros2pkg==0.32.5
ros2run==0.32.5
ros2service==0.32.5
ros2test==0.6.0
ros2topic==0.32.5
rosgraph-msgs==2.0.3
rosidl-adapter==4.6.6
rosidl-cli==4.6.6
rosidl-cmake==4.6.6
rosidl-generator-c==4.6.6
rosidl-generator-cpp==4.6.6
rosidl-generator-py==0.22.1
rosidl-generator-type-description==4.6.6
rosidl-parser==4.6.6
rosidl-pycommon==4.6.6
rosidl-runtime-py==0.13.1
rosidl-typesupport-c==3.2.2
rosidl-typesupport-cpp==3.2.2
rosidl-typesupport-fastrtps-c==3.6.2
rosidl-typesupport-fastrtps-cpp==3.6.2
rosidl-typesupport-introspection-c==4.6.6
rosidl-typesupport-introspection-cpp==4.6.6
rpds-py==0.30.0
rpyutils==0.4.1
rtree==1.4.1
s3transfer==0.17.0
safetensors==0.7.0
scikit-image==0.25.2
scikit-learn==1.7.2
scipy==1.15.3
scs==3.2.11
sensor-msgs==5.3.6
sentry-sdk==2.58.0
service-msgs==2.0.3
setuptools-scm==10.0.5
shape-msgs==5.3.6
shapely==2.1.2
shellingham==1.5.4
six==1.17.0
smmap==5.0.3
srdfdom==2.0.7
stack-data==0.6.3
statistics-msgs==2.0.3
std-msgs==5.3.6
std-srvs==5.3.6
svg.path==7.0
sympy==1.14.0
tensorboard==2.20.0
tensorboard-data-server==0.7.2
tensorboardX==2.6.5
termcolor==3.3.0
tf-transformations==1.1.0
tf2-geometry-msgs==0.36.14
tf2-kdl==0.36.14
tf2-msgs==0.36.14
tf2-py==0.36.14
tf2-ros-py==0.36.14
threadpoolctl==3.6.0
tifffile==2025.5.10
tomli==2.4.1
topic-tools==1.3.3
topic-tools-interfaces==1.3.3
torch==2.11.0
torchvision==0.26.0
tqdm==4.67.3
traitlets==5.14.3
trajectory-msgs==5.3.6
transforms3d==0.4.2
trimesh==4.12.1
triton==3.6.0
type-description-interfaces==2.0.3
typer==0.25.0
typing-inspection==0.4.2
typing_extensions==4.15.0
tzdata==2026.2
unique-identifier-msgs==2.5.0
urdfdom-py==1.2.1
urllib3==2.6.3
vcs-versioning==1.1.1
vhacdx==0.0.10
vision-msgs==4.1.1
wandb==0.26.1
warp-lang==1.12.1
wcwidth==0.6.0
Werkzeug==3.1.8
widgetsnbextension==4.0.15
xacro==2.0.13
xxhash==3.7.0
yourdfpy==0.0.60
zipp==3.23.1
